// !$*UTF8*$!
{
	archiveVersion = 1;
	classes = {
	};
	objectVersion = 46;
	objects = {

/* Begin PBXBuildFile section */
		15754DE71AB3473D006B5D81 /* AppDelegate.swift in Sources */ = {isa = PBXBuildFile; fileRef = 15754DE61AB3473D006B5D81 /* AppDelegate.swift */; };
		15754DE91AB3473D006B5D81 /* ViewController.swift in Sources */ = {isa = PBXBuildFile; fileRef = 15754DE81AB3473D006B5D81 /* ViewController.swift */; };
		15754DEC1AB3473D006B5D81 /* Main.storyboard in Resources */ = {isa = PBXBuildFile; fileRef = 15754DEA1AB3473D006B5D81 /* Main.storyboard */; };
		15754DEE1AB3473D006B5D81 /* Images.xcassets in Resources */ = {isa = PBXBuildFile; fileRef = 15754DED1AB3473D006B5D81 /* Images.xcassets */; };
		15754DF11AB3473D006B5D81 /* LaunchScreen.xib in Resources */ = {isa = PBXBuildFile; fileRef = 15754DEF1AB3473D006B5D81 /* LaunchScreen.xib */; };
		15754DFD1AB3473D006B5D81 /* OmnicoinWalletTests.swift in Sources */ = {isa = PBXBuildFile; fileRef = 15754DFC1AB3473D006B5D81 /* OmnicoinWalletTests.swift */; };
/* End PBXBuildFile section */

/* Begin PBXContainerItemProxy section */
		15754DF71AB3473D006B5D81 /* PBXContainerItemProxy */ = {
			isa = PBXContainerItemProxy;
			containerPortal = 15754DD91AB3473D006B5D81 /* Project object */;
			proxyType = 1;
			remoteGlobalIDString = 15754DE01AB3473D006B5D81;
			remoteInfo = OmnicoinWallet;
		};
/* End PBXContainerItemProxy section */

/* Begin PBXFileReference section */
		15754DE11AB3473D006B5D81 /* OmnicoinWallet.app */ = {isa = PBXFileReference; explicitFileType = wrapper.application; includeInIndex = 0; path = OmnicoinWallet.app; sourceTree = BUILT_PRODUCTS_DIR; };
		15754DE51AB3473D006B5D81 /* Info.plist */ = {isa = PBXFileReference; lastKnownFileType = text.plist.xml; path = Info.plist; sourceTree = "<group>"; };
		15754DE61AB3473D006B5D81 /* AppDelegate.swift */ = {isa = PBXFileReference; lastKnownFileType = sourcecode.swift; path = AppDelegate.swift; sourceTree = "<group>"; };
		15754DE81AB3473D006B5D81 /* ViewController.swift */ = {isa = PBXFileReference; lastKnownFileType = sourcecode.swift; path = ViewController.swift; sourceTree = "<group>"; };
		15754DEB1AB3473D006B5D81 /* Base */ = {isa = PBXFileReference; lastKnownFileType = file.storyboard; name = Base; path = Base.lproj/Main.storyboard; sourceTree = "<group>"; };
		15754DED1AB3473D006B5D81 /* Images.xcassets */ = {isa = PBXFileReference; lastKnownFileType = folder.assetcatalog; path = Images.xcassets; sourceTree = "<group>"; };
		15754DF01AB3473D006B5D81 /* Base */ = {isa = PBXFileReference; lastKnownFileType = file.xib; name = Base; path = Base.lproj/LaunchScreen.xib; sourceTree = "<group>"; };
		15754DF61AB3473D006B5D81 /* OmnicoinWalletTests.xctest */ = {isa = PBXFileReference; explicitFileType = wrapper.cfbundle; includeInIndex = 0; path = OmnicoinWalletTests.xctest; sourceTree = BUILT_PRODUCTS_DIR; };
		15754DFB1AB3473D006B5D81 /* Info.plist */ = {isa = PBXFileReference; lastKnownFileType = text.plist.xml; path = Info.plist; sourceTree = "<group>"; };
		15754DFC1AB3473D006B5D81 /* OmnicoinWalletTests.swift */ = {isa = PBXFileReference; lastKnownFileType = sourcecode.swift; path = OmnicoinWalletTests.swift; sourceTree = "<group>"; };
/* End PBXFileReference section */

/* Begin PBXFrameworksBuildPhase section */
		15754DDE1AB3473D006B5D81 /* Frameworks */ = {
			isa = PBXFrameworksBuildPhase;
			buildActionMask = 2147483647;
			files = (
			);
			runOnlyForDeploymentPostprocessing = 0;
		};
		15754DF31AB3473D006B5D81 /* Frameworks */ = {
			isa = PBXFrameworksBuildPhase;
			buildActionMask = 2147483647;
			files = (
			);
			runOnlyForDeploymentPostprocessing = 0;
		};
/* End PBXFrameworksBuildPhase section */

/* Begin PBXGroup section */
		15754DD81AB3473D006B5D81 = {
			isa = PBXGroup;
			children = (
				15754DE31AB3473D006B5D81 /* OmnicoinWallet */,
				15754DF91AB3473D006B5D81 /* OmnicoinWalletTests */,
				15754DE21AB3473D006B5D81 /* Products */,
			);
			sourceTree = "<group>";
		};
		15754DE21AB3473D006B5D81 /* Products */ = {
			isa = PBXGroup;
			children = (
				15754DE11AB3473D006B5D81 /* OmnicoinWallet.app */,
				15754DF61AB3473D006B5D81 /* OmnicoinWalletTests.xctest */,
			);
			name = Products;
			sourceTree = "<group>";
		};
		15754DE31AB3473D006B5D81 /* OmnicoinWallet */ = {
			isa = PBXGroup;
			children = (
				15754DE61AB3473D006B5D81 /* AppDelegate.swift */,
				15754DE81AB3473D006B5D81 /* ViewController.swift */,
				15754DEA1AB3473D006B5D81 /* Main.storyboard */,
				15754DED1AB3473D006B5D81 /* Images.xcassets */,
				15754DEF1AB3473D006B5D81 /* LaunchScreen.xib */,
				15754DE41AB3473D006B5D81 /* Supporting Files */,
			);
			path = OmnicoinWallet;
			sourceTree = "<group>";
		};
		15754DE41AB3473D006B5D81 /* Supporting Files */ = {
			isa = PBXGroup;
			children = (
				15754DE51AB3473D006B5D81 /* Info.plist */,
			);
			name = "Supporting Files";
			sourceTree = "<group>";
		};
		15754DF91AB3473D006B5D81 /* OmnicoinWalletTests */ = {
			isa = PBXGroup;
			children = (
				15754DFC1AB3473D006B5D81 /* OmnicoinWalletTests.swift */,
				15754DFA1AB3473D006B5D81 /* Supporting Files */,
			);
			path = OmnicoinWalletTests;
			sourceTree = "<group>";
		};
		15754DFA1AB3473D006B5D81 /* Supporting Files */ = {
			isa = PBXGroup;
			children = (
				15754DFB1AB3473D006B5D81 /* Info.plist */,
			);
			name = "Supporting Files";
			sourceTree = "<group>";
		};
/* End PBXGroup section */

/* Begin PBXNativeTarget section */
		15754DE01AB3473D006B5D81 /* OmnicoinWallet */ = {
			isa = PBXNativeTarget;
			buildConfigurationList = 15754E001AB3473D006B5D81 /* Build configuration list for PBXNativeTarget "OmnicoinWallet" */;
			buildPhases = (
				15754DDD1AB3473D006B5D81 /* Sources */,
				15754DDE1AB3473D006B5D81 /* Frameworks */,
				15754DDF1AB3473D006B5D81 /* Resources */,
			);
			buildRules = (
			);
			dependencies = (
			);
			name = OmnicoinWallet;
			productName = OmnicoinWallet;
			productReference = 15754DE11AB3473D006B5D81 /* OmnicoinWallet.app */;
			productType = "com.apple.product-type.application";
		};
		15754DF51AB3473D006B5D81 /* OmnicoinWalletTests */ = {
			isa = PBXNativeTarget;
			buildConfigurationList = 15754E031AB3473D006B5D81 /* Build configuration list for PBXNativeTarget "OmnicoinWalletTests" */;
			buildPhases = (
				15754DF21AB3473D006B5D81 /* Sources */,
				15754DF31AB3473D006B5D81 /* Frameworks */,
				15754DF41AB3473D006B5D81 /* Resources */,
			);
			buildRules = (
			);
			dependencies = (
				15754DF81AB3473D006B5D81 /* PBXTargetDependency */,
			);
			name = OmnicoinWalletTests;
			productName = OmnicoinWalletTests;
			productReference = 15754DF61AB3473D006B5D81 /* OmnicoinWalletTests.xctest */;
			productType = "com.apple.product-type.bundle.unit-test";
		};
/* End PBXNativeTarget section */

/* Begin PBXProject section */
		15754DD91AB3473D006B5D81 /* Project object */ = {
			isa = PBXProject;
			attributes = {
				LastUpgradeCheck = 0620;
				ORGANIZATIONNAME = "Alex Catchpole";
				TargetAttributes = {
					15754DE01AB3473D006B5D81 = {
						CreatedOnToolsVersion = 6.2;
					};
					15754DF51AB3473D006B5D81 = {
						CreatedOnToolsVersion = 6.2;
						TestTargetID = 15754DE01AB3473D006B5D81;
					};
				};
			};
			buildConfigurationList = 15754DDC1AB3473D006B5D81 /* Build configuration list for PBXProject "OmnicoinWallet" */;
			compatibilityVersion = "Xcode 3.2";
			developmentRegion = English;
			hasScannedForEncodings = 0;
			knownRegions = (
				en,
				Base,
			);
			mainGroup = 15754DD81AB3473D006B5D81;
			productRefGroup = 15754DE21AB3473D006B5D81 /* Products */;
			projectDirPath = "";
			projectRoot = "";
			targets = (
				15754DE01AB3473D006B5D81 /* OmnicoinWallet */,
				15754DF51AB3473D006B5D81 /* OmnicoinWalletTests */,
			);
		};
/* End PBXProject section */

/* Begin PBXResourcesBuildPhase section */
		15754DDF1AB3473D006B5D81 /* Resources */ = {
			isa = PBXResourcesBuildPhase;
			buildActionMask = 2147483647;
			files = (
				15754DEC1AB3473D006B5D81 /* Main.storyboard in Resources */,
				15754DF11AB3473D006B5D81 /* LaunchScreen.xib in Resources */,
				15754DEE1AB3473D006B5D81 /* Images.xcassets in Resources */,
			);
			runOnlyForDeploymentPostprocessing = 0;
		};
		15754DF41AB3473D006B5D81 /* Resources */ = {
			isa = PBXResourcesBuildPhase;
			buildActionMask = 2147483647;
			files = (
			);
			runOnlyForDeploymentPostprocessing = 0;
		};
/* End PBXResourcesBuildPhase section */

/* Begin PBXSourcesBuildPhase section */
		15754DDD1AB3473D006B5D81 /* Sources */ = {
			isa = PBXSourcesBuildPhase;
			buildActionMask = 2147483647;
			files = (
				15754DE91AB3473D006B5D81 /* ViewController.swift in Sources */,
				15754DE71AB3473D006B5D81 /* AppDelegate.swift in Sources */,
			);
			runOnlyForDeploymentPostprocessing = 0;
		};
		15754DF21AB3473D006B5D81 /* Sources */ = {
			isa = PBXSourcesBuildPhase;
			buildActionMask = 2147483647;
			files = (
				15754DFD1AB3473D006B5D81 /* OmnicoinWalletTests.swift in Sources */,
			);
			runOnlyForDeploymentPostprocessing = 0;
		};
/* End PBXSourcesBuildPhase section */

/* Begin PBXTargetDependency section */
		15754DF81AB3473D006B5D81 /* PBXTargetDependency */ = {
			isa = PBXTargetDependency;
			target = 15754DE01AB3473D006B5D81 /* OmnicoinWallet */;
			targetProxy = 15754DF71AB3473D006B5D81 /* PBXContainerItemProxy */;
		};
/* End PBXTargetDependency section */

/* Begin PBXVariantGroup section */
		15754DEA1AB3473D006B5D81 /* Main.storyboard */ = {
			isa = PBXVariantGroup;
			children = (
				15754DEB1AB3473D006B5D81 /* Base */,
			);
			name = Main.storyboard;
			sourceTree = "<group>";
		};
		15754DEF1AB3473D006B5D81 /* LaunchScreen.xib */ = {
			isa = PBXVariantGroup;
			children = (
				15754DF01AB3473D006B5D81 /* Base */,
			);
			name = LaunchScreen.xib;
			sourceTree = "<group>";
		};
/* End PBXVariantGroup section */

/* Begin XCBuildConfiguration section */
		15754DFE1AB3473D006B5D81 /* Debug */ = {
			isa = XCBuildConfiguration;
			buildSettings = {
				ALWAYS_SEARCH_USER_PATHS = NO;
				CLANG_CXX_LANGUAGE_STANDARD = "gnu++0x";
				CLANG_CXX_LIBRARY = "libc++";
				CLANG_ENABLE_MODULES = YES;
				CLANG_ENABLE_OBJC_ARC = YES;
				CLANG_WARN_BOOL_CONVERSION = YES;
				CLANG_WARN_CONSTANT_CONVERSION = YES;
				CLANG_WARN_DIRECT_OBJC_ISA_USAGE = YES_ERROR;
				CLANG_WARN_EMPTY_BODY = YES;
				CLANG_WARN_ENUM_CONVERSION = YES;
				CLANG_WARN_INT_CONVERSION = YES;
				CLANG_WARN_OBJC_ROOT_CLASS = YES_ERROR;
				CLANG_WARN_UNREACHABLE_CODE = YES;
				CLANG_WARN__DUPLICATE_METHOD_MATCH = YES;
				"CODE_SIGN_IDENTITY[sdk=iphoneos*]" = "iPhone Developer";
				COPY_PHASE_STRIP = NO;
				ENABLE_STRICT_OBJC_MSGSEND = YES;
				GCC_C_LANGUAGE_STANDARD = gnu99;
				GCC_DYNAMIC_NO_PIC = NO;
				GCC_OPTIMIZATION_LEVEL = 0;
				GCC_PREPROCESSOR_DEFINITIONS = (
					"DEBUG=1",
					"$(inherited)",
				);
				GCC_SYMBOLS_PRIVATE_EXTERN = NO;
				GCC_WARN_64_TO_32_BIT_CONVERSION = YES;
				GCC_WARN_ABOUT_RETURN_TYPE = YES_ERROR;
				GCC_WARN_UNDECLARED_SELECTOR = YES;
				GCC_WARN_UNINITIALIZED_AUTOS = YES_AGGRESSIVE;
				GCC_WARN_UNUSED_FUNCTION = YES;
				GCC_WARN_UNUSED_VARIABLE = YES;
				IPHONEOS_DEPLOYMENT_TARGET = 8.2;
				MTL_ENABLE_DEBUG_INFO = YES;
				ONLY_ACTIVE_ARCH = YES;
				SDKROOT = iphoneos;
				SWIFT_OPTIMIZATION_LEVEL = "-Onone";
			};
			name = Debug;
		};
		15754DFF1AB3473D006B5D81 /* Release */ = {
			isa = XCBuildConfiguration;
			buildSettings = {
				ALWAYS_SEARCH_USER_PATHS = NO;
				CLANG_CXX_LANGUAGE_STANDARD = "gnu++0x";
				CLANG_CXX_LIBRARY = "libc++";
				CLANG_ENABLE_MODULES = YES;
				CLANG_ENABLE_OBJC_ARC = YES;
				CLANG_WARN_BOOL_CONVERSION = YES;
				CLANG_WARN_CONSTANT_CONVERSION = YES;
				CLANG_WARN_DIRECT_OBJC_ISA_USAGE = YES_ERROR;
				CLANG_WARN_EMPTY_BODY = YES;
				CLANG_WARN_ENUM_CONVERSION = YES;
				CLANG_WARN_INT_CONVERSION = YES;
				CLANG_WARN_OBJC_ROOT_CLASS = YES_ERROR;
				CLANG_WARN_UNREACHABLE_CODE = YES;
				CLANG_WARN__DUPLICATE_METHOD_MATCH = YES;
				"CODE_SIGN_IDENTITY[sdk=iphoneos*]" = "iPhone Developer";
				COPY_PHASE_STRIP = NO;
				ENABLE_NS_ASSERTIONS = NO;
				ENABLE_STRICT_OBJC_MSGSEND = YES;
				GCC_C_LANGUAGE_STANDARD = gnu99;
				GCC_WARN_64_TO_32_BIT_CONVERSION = YES;
				GCC_WARN_ABOUT_RETURN_TYPE = YES_ERROR;
				GCC_WARN_UNDECLARED_SELECTOR = YES;
				GCC_WARN_UNINITIALIZED_AUTOS = YES_AGGRESSIVE;
				GCC_WARN_UNUSED_FUNCTION = YES;
				GCC_WARN_UNUSED_VARIABLE = YES;
				IPHONEOS_DEPLOYMENT_TARGET = 8.2;
				MTL_ENABLE_DEBUG_INFO = NO;
				SDKROOT = iphoneos;
				VALIDATE_PRODUCT = YES;
			};
			name = Release;
		};
		15754E011AB3473D006B5D81 /* Debug */ = {
			isa = XCBuildConfiguration;
			buildSettings = {
				ASSETCATALOG_COMPILER_APPICON_NAME = AppIcon;
				INFOPLIST_FILE = OmnicoinWallet/Info.plist;
				LD_RUNPATH_SEARCH_PATHS = "$(inherited) @executable_path/Frameworks";
				PRODUCT_NAME = "$(TARGET_NAME)";
			};
			name = Debug;
		};
		15754E021AB3473D006B5D81 /* Release */ = {
			isa = XCBuildConfiguration;
			buildSettings = {
				ASSETCATALOG_COMPILER_APPICON_NAME = AppIcon;
				INFOPLIST_FILE = OmnicoinWallet/Info.plist;
				LD_RUNPATH_SEARCH_PATHS = "$(inherited) @executable_path/Frameworks";
				PRODUCT_NAME = "$(TARGET_NAME)";
			};
			name = Release;
		};
		15754E041AB3473D006B5D81 /* Debug */ = {
			isa = XCBuildConfiguration;
			buildSettings = {
				BUNDLE_LOADER = "$(TEST_HOST)";
				FRAMEWORK_SEARCH_PATHS = (
					"$(SDKROOT)/Developer/Library/Frameworks",
					"$(inherited)",
				);
				GCC_PREPROCESSOR_DEFINITIONS = (
					"DEBUG=1",
					"$(inherited)",
				);
				INFOPLIST_FILE = OmnicoinWalletTests/Info.plist;
				LD_RUNPATH_SEARCH_PATHS = "$(inherited) @executable_path/Frameworks @loader_path/Frameworks";
				PRODUCT_NAME = "$(TARGET_NAME)";
				TEST_HOST = "$(BUILT_PRODUCTS_DIR)/OmnicoinWallet.app/OmnicoinWallet";
			};
			name = Debug;
		};
		15754E051AB3473D006B5D81 /* Release */ = {
			isa = XCBuildConfiguration;
			buildSettings = {
				BUNDLE_LOADER = "$(TEST_HOST)";
				FRAMEWORK_SEARCH_PATHS = (
					"$(SDKROOT)/Developer/Library/Frameworks",
					"$(inherited)",
				);
				INFOPLIST_FILE = OmnicoinWalletTests/Info.plist;
				LD_RUNPATH_SEARCH_PATHS = "$(inherited) @executable_path/Frameworks @loader_path/Frameworks";
				PRODUCT_NAME = "$(TARGET_NAME)";
				TEST_HOST = "$(BUILT_PRODUCTS_DIR)/OmnicoinWallet.app/OmnicoinWallet";
			};
			name = Release;
		};
/* End XCBuildConfiguration section */

/* Begin XCConfigurationList section */
		15754DDC1AB3473D006B5D81 /* Build configuration list for PBXProject "OmnicoinWallet" */ = {
			isa = XCConfigurationList;
			buildConfigurations = (
				15754DFE1AB3473D006B5D81 /* Debug */,
				15754DFF1AB3473D006B5D81 /* Release */,
			);
			defaultConfigurationIsVisible = 0;
			defaultConfigurationName = Release;
		};
		15754E001AB3473D006B5D81 /* Build configuration list for PBXNativeTarget "OmnicoinWallet" */ = {
			isa = XCConfigurationList;
			buildConfigurations = (
				15754E011AB3473D006B5D81 /* Debug */,
				15754E021AB3473D006B5D81 /* Release */,
			);
			defaultConfigurationIsVisible = 0;
		};
		15754E031AB3473D006B5D81 /* Build configuration list for PBXNativeTarget "OmnicoinWalletTests" */ = {
			isa = XCConfigurationList;
			buildConfigurations = (
				15754E041AB3473D006B5D81 /* Debug */,
				15754E051AB3473D006B5D81 /* Release */,
			);
			defaultConfigurationIsVisible = 0;
		};
/* End XCConfigurationList section */
	};
	rootObject = 15754DD91AB3473D006B5D81 /* Project object */;
}
